
Microsoft Visual Studio Solution File, Format Version 12.00
# Visual Studio 14
VisualStudioVersion = 14.0.25420.1
MinimumVisualStudioVersion = 10.0.40219.1
Project("{FAE04EC0-301F-11D3-BF4B-00C04F79EFBC}") = "ContactTransformer", "ContactTransformer\ContactTransformer.csproj", "{F43457ED-62EA-4AF8-BBAD-75C0FC65EF11}"
EndProject
Project("{FAE04EC0-301F-11D3-BF4B-00C04F79EFBC}") = "ContactCommon", "ContactCommon\ContactCommon.csproj", "{09CD21E5-3552-4D30-9DF9-0E01A2486947}"
EndProject
Global
	GlobalSection(SolutionConfigurationPlatforms) = preSolution
		Debug|Any CPU = Debug|Any CPU
		Release|Any CPU = Release|Any CPU
	EndGlobalSection
	GlobalSection(ProjectConfigurationPlatforms) = postSolution
		{F43457ED-62EA-4AF8-BBAD-75C0FC65EF11}.Debug|Any CPU.ActiveCfg = Debug|Any CPU
		{F43457ED-62EA-4AF8-BBAD-75C0FC65EF11}.Debug|Any CPU.Build.0 = Debug|Any CPU
		{F43457ED-62EA-4AF8-BBAD-75C0FC65EF11}.Release|Any CPU.ActiveCfg = Release|Any CPU
		{F43457ED-62EA-4AF8-BBAD-75C0FC65EF11}.Release|Any CPU.Build.0 = Release|Any CPU
		{09CD21E5-3552-4D30-9DF9-0E01A2486947}.Debug|Any CPU.ActiveCfg = Debug|Any CPU
		{09CD21E5-3552-4D30-9DF9-0E01A2486947}.Debug|Any CPU.Build.0 = Debug|Any CPU
		{09CD21E5-3552-4D30-9DF9-0E01A2486947}.Release|Any CPU.ActiveCfg = Release|Any CPU
		{09CD21E5-3552-4D30-9DF9-0E01A2486947}.Release|Any CPU.Build.0 = Release|Any CPU
	EndGlobalSection
	GlobalSection(SolutionProperties) = preSolution
		HideSolutionNode = FALSE
	EndGlobalSection
EndGlobal
